
Microsoft Visual Studio Solution File, Format Version 12.00
# Visual Studio Version 16
VisualStudioVersion = 16.0.30804.86
MinimumVisualStudioVersion = 10.0.40219.1
Project("{FAE04EC0-301F-11D3-BF4B-00C04F79EFBC}") = "AdditionApi", "AdditionApi\AdditionApi.csproj", "{FD761124-81C4-4AB6-955B-FC97956BEE79}"
EndProject
Global
	GlobalSection(SolutionConfigurationPlatforms) = preSolution
		Debug|Any CPU = Debug|Any CPU
		Release|Any CPU = Release|Any CPU
	EndGlobalSection
	GlobalSection(ProjectConfigurationPlatforms) = postSolution
		{FD761124-81C4-4AB6-955B-FC97956BEE79}.Debug|Any CPU.ActiveCfg = Debug|Any CPU
		{FD761124-81C4-4AB6-955B-FC97956BEE79}.Debug|Any CPU.Build.0 = Debug|Any CPU
		{FD761124-81C4-4AB6-955B-FC97956BEE79}.Release|Any CPU.ActiveCfg = Release|Any CPU
		{FD761124-81C4-4AB6-955B-FC97956BEE79}.Release|Any CPU.Build.0 = Release|Any CPU
	EndGlobalSection
	GlobalSection(SolutionProperties) = preSolution
		HideSolutionNode = FALSE
	EndGlobalSection
	GlobalSection(ExtensibilityGlobals) = postSolution
		SolutionGuid = {12633FBE-97EA-4D26-9C33-BDFC9FCDAB93}
	EndGlobalSection
EndGlobal
